// !$*UTF8*$!
{
	archiveVersion = 1;
	classes = {
	};
	objectVersion = 46;
	objects = {

/* Begin PBXBuildFile section */
		69B4363018757F5D00E6E90E /* Foundation.framework in Frameworks */ = {isa = PBXBuildFile; fileRef = 69B4362F18757F5D00E6E90E /* Foundation.framework */; };
		69B4363218757F5D00E6E90E /* CoreGraphics.framework in Frameworks */ = {isa = PBXBuildFile; fileRef = 69B4363118757F5D00E6E90E /* CoreGraphics.framework */; };
		69B4363418757F5D00E6E90E /* UIKit.framework in Frameworks */ = {isa = PBXBuildFile; fileRef = 69B4363318757F5D00E6E90E /* UIKit.framework */; };
		69B4363A18757F5D00E6E90E /* InfoPlist.strings in Resources */ = {isa = PBXBuildFile; fileRef = 69B4363818757F5D00E6E90E /* InfoPlist.strings */; };
		69B4363C18757F5D00E6E90E /* main.m in Sources */ = {isa = PBXBuildFile; fileRef = 69B4363B18757F5D00E6E90E /* main.m */; };
		69B4364018757F5D00E6E90E /* JCAppDelegate.m in Sources */ = {isa = PBXBuildFile; fileRef = 69B4363F18757F5D00E6E90E /* JCAppDelegate.m */; };
		69B4364218757F5D00E6E90E /* Images.xcassets in Resources */ = {isa = PBXBuildFile; fileRef = 69B4364118757F5D00E6E90E /* Images.xcassets */; };
		69B4364918757F5D00E6E90E /* XCTest.framework in Frameworks */ = {isa = PBXBuildFile; fileRef = 69B4364818757F5D00E6E90E /* XCTest.framework */; };
		69B4364A18757F5D00E6E90E /* Foundation.framework in Frameworks */ = {isa = PBXBuildFile; fileRef = 69B4362F18757F5D00E6E90E /* Foundation.framework */; };
		69B4364B18757F5D00E6E90E /* UIKit.framework in Frameworks */ = {isa = PBXBuildFile; fileRef = 69B4363318757F5D00E6E90E /* UIKit.framework */; };
		69B4365318757F5E00E6E90E /* InfoPlist.strings in Resources */ = {isa = PBXBuildFile; fileRef = 69B4365118757F5E00E6E90E /* InfoPlist.strings */; };
		69B4365518757F5E00E6E90E /* FlexibleSensorAppTests.m in Sources */ = {isa = PBXBuildFile; fileRef = 69B4365418757F5E00E6E90E /* FlexibleSensorAppTests.m */; };
		69B43690187585D400E6E90E /* DidactGothic.ttf in Resources */ = {isa = PBXBuildFile; fileRef = 69B43664187585D400E6E90E /* DidactGothic.ttf */; };
		69B43691187585D400E6E90E /* Default-568h@2x.png in Resources */ = {isa = PBXBuildFile; fileRef = 69B43666187585D400E6E90E /* Default-568h@2x.png */; };
		69B43692187585D400E6E90E /* Default.png in Resources */ = {isa = PBXBuildFile; fileRef = 69B43667187585D400E6E90E /* Default.png */; };
		69B43693187585D500E6E90E /* Default@2x.png in Resources */ = {isa = PBXBuildFile; fileRef = 69B43668187585D400E6E90E /* Default@2x.png */; };
		69B43694187585D500E6E90E /* mechlab-icon.png in Resources */ = {isa = PBXBuildFile; fileRef = 69B43669187585D400E6E90E /* mechlab-icon.png */; };
		69B43695187585D500E6E90E /* IonIcons.m in Sources */ = {isa = PBXBuildFile; fileRef = 69B4366D187585D400E6E90E /* IonIcons.m */; };
		69B43696187585D500E6E90E /* ionicons.ttf in Resources */ = {isa = PBXBuildFile; fileRef = 69B4366E187585D400E6E90E /* ionicons.ttf */; };
		69B43697187585D500E6E90E /* LICENSE in Resources */ = {isa = PBXBuildFile; fileRef = 69B4366F187585D400E6E90E /* LICENSE */; };
		69B43698187585D500E6E90E /* README.md in Resources */ = {isa = PBXBuildFile; fileRef = 69B43670187585D400E6E90E /* README.md */; };
		69B43699187585D500E6E90E /* SensorToCoreDataTest.xcdatamodeld in Sources */ = {isa = PBXBuildFile; fileRef = 69B43671187585D400E6E90E /* SensorToCoreDataTest.xcdatamodeld */; };
		69B4369A187585D500E6E90E /* JCFilterManager.m in Sources */ = {isa = PBXBuildFile; fileRef = 69B43675187585D400E6E90E /* JCFilterManager.m */; };
		69B4369B187585D500E6E90E /* JCLogger.m in Sources */ = {isa = PBXBuildFile; fileRef = 69B43679187585D400E6E90E /* JCLogger.m */; };
		69B4369C187585D500E6E90E /* JCAppData.m in Sources */ = {isa = PBXBuildFile; fileRef = 69B4367C187585D400E6E90E /* JCAppData.m */; };
		69B4369D187585D500E6E90E /* JCFilterData.m in Sources */ = {isa = PBXBuildFile; fileRef = 69B4367E187585D400E6E90E /* JCFilterData.m */; };
		69B4369E187585D500E6E90E /* JCSensor.m in Sources */ = {isa = PBXBuildFile; fileRef = 69B43680187585D400E6E90E /* JCSensor.m */; };
		69B4369F187585D500E6E90E /* JCSensorData.m in Sources */ = {isa = PBXBuildFile; fileRef = 69B43682187585D400E6E90E /* JCSensorData.m */; };
		69B436A0187585D500E6E90E /* JCSensorManager.m in Sources */ = {isa = PBXBuildFile; fileRef = 69B43684187585D400E6E90E /* JCSensorManager.m */; };
		69B436A1187585D500E6E90E /* JCAccelerometer.m in Sources */ = {isa = PBXBuildFile; fileRef = 69B43687187585D400E6E90E /* JCAccelerometer.m */; };
		69B436A2187585D500E6E90E /* JCDeviceMotion.m in Sources */ = {isa = PBXBuildFile; fileRef = 69B43689187585D400E6E90E /* JCDeviceMotion.m */; };
		69B436A3187585D500E6E90E /* JCGyroscope.m in Sources */ = {isa = PBXBuildFile; fileRef = 69B4368B187585D400E6E90E /* JCGyroscope.m */; };
		69B436A4187585D500E6E90E /* JCHeartRateDevice.m in Sources */ = {isa = PBXBuildFile; fileRef = 69B4368D187585D400E6E90E /* JCHeartRateDevice.m */; };
		69B436A5187585D500E6E90E /* JCLocation.m in Sources */ = {isa = PBXBuildFile; fileRef = 69B4368F187585D400E6E90E /* JCLocation.m */; };
		69B436B01875861A00E6E90E /* JCGraphView.m in Sources */ = {isa = PBXBuildFile; fileRef = 69B436A81875861A00E6E90E /* JCGraphView.m */; };
		69B436B11875861A00E6E90E /* JCOptionTableViewViewController.m in Sources */ = {isa = PBXBuildFile; fileRef = 69B436AA1875861A00E6E90E /* JCOptionTableViewViewController.m */; };
		69B436B21875861A00E6E90E /* JCSensorViewController.m in Sources */ = {isa = PBXBuildFile; fileRef = 69B436AC1875861A00E6E90E /* JCSensorViewController.m */; };
		69B436B31875861A00E6E90E /* SensorViewControlleriPad.xib in Resources */ = {isa = PBXBuildFile; fileRef = 69B436AD1875861A00E6E90E /* SensorViewControlleriPad.xib */; };
		69B436B41875861A00E6E90E /* SensorViewControlleriPhone3.5.xib in Resources */ = {isa = PBXBuildFile; fileRef = 69B436AE1875861A00E6E90E /* SensorViewControlleriPhone3.5.xib */; };
		69B436B51875861A00E6E90E /* SensorViewControlleriPhone4.5.xib in Resources */ = {isa = PBXBuildFile; fileRef = 69B436AF1875861A00E6E90E /* SensorViewControlleriPhone4.5.xib */; };
		69B436B718758D2700E6E90E /* CoreData.framework in Frameworks */ = {isa = PBXBuildFile; fileRef = 69B436B618758D2700E6E90E /* CoreData.framework */; };
		69B436B918758D3E00E6E90E /* CoreBluetooth.framework in Frameworks */ = {isa = PBXBuildFile; fileRef = 69B436B818758D3E00E6E90E /* CoreBluetooth.framework */; };
		69B436BB18758D4D00E6E90E /* ImageIO.framework in Frameworks */ = {isa = PBXBuildFile; fileRef = 69B436BA18758D4D00E6E90E /* ImageIO.framework */; };
		69B436BD18758D6700E6E90E /* CoreLocation.framework in Frameworks */ = {isa = PBXBuildFile; fileRef = 69B436BC18758D6700E6E90E /* CoreLocation.framework */; };
		69B436BF18758D7200E6E90E /* CoreMotion.framework in Frameworks */ = {isa = PBXBuildFile; fileRef = 69B436BE18758D7200E6E90E /* CoreMotion.framework */; };
/* End PBXBuildFile section */

/* Begin PBXContainerItemProxy section */
		69B4364C18757F5D00E6E90E /* PBXContainerItemProxy */ = {
			isa = PBXContainerItemProxy;
			containerPortal = 69B4362418757F5D00E6E90E /* Project object */;
			proxyType = 1;
			remoteGlobalIDString = 69B4362B18757F5D00E6E90E;
			remoteInfo = FlexibleSensorApp;
		};
/* End PBXContainerItemProxy section */

/* Begin PBXFileReference section */
		69B4362C18757F5D00E6E90E /* FlexibleSensorApp.app */ = {isa = PBXFileReference; explicitFileType = wrapper.application; includeInIndex = 0; path = FlexibleSensorApp.app; sourceTree = BUILT_PRODUCTS_DIR; };
		69B4362F18757F5D00E6E90E /* Foundation.framework */ = {isa = PBXFileReference; lastKnownFileType = wrapper.framework; name = Foundation.framework; path = System/Library/Frameworks/Foundation.framework; sourceTree = SDKROOT; };
		69B4363118757F5D00E6E90E /* CoreGraphics.framework */ = {isa = PBXFileReference; lastKnownFileType = wrapper.framework; name = CoreGraphics.framework; path = System/Library/Frameworks/CoreGraphics.framework; sourceTree = SDKROOT; };
		69B4363318757F5D00E6E90E /* UIKit.framework */ = {isa = PBXFileReference; lastKnownFileType = wrapper.framework; name = UIKit.framework; path = System/Library/Frameworks/UIKit.framework; sourceTree = SDKROOT; };
		69B4363718757F5D00E6E90E /* FlexibleSensorApp-Info.plist */ = {isa = PBXFileReference; lastKnownFileType = text.plist.xml; path = "FlexibleSensorApp-Info.plist"; sourceTree = "<group>"; };
		69B4363918757F5D00E6E90E /* en */ = {isa = PBXFileReference; lastKnownFileType = text.plist.strings; name = en; path = en.lproj/InfoPlist.strings; sourceTree = "<group>"; };
		69B4363B18757F5D00E6E90E /* main.m */ = {isa = PBXFileReference; lastKnownFileType = sourcecode.c.objc; path = main.m; sourceTree = "<group>"; };
		69B4363D18757F5D00E6E90E /* FlexibleSensorApp-Prefix.pch */ = {isa = PBXFileReference; lastKnownFileType = sourcecode.c.h; path = "FlexibleSensorApp-Prefix.pch"; sourceTree = "<group>"; };
		69B4363E18757F5D00E6E90E /* JCAppDelegate.h */ = {isa = PBXFileReference; lastKnownFileType = sourcecode.c.h; path = JCAppDelegate.h; sourceTree = "<group>"; };
		69B4363F18757F5D00E6E90E /* JCAppDelegate.m */ = {isa = PBXFileReference; lastKnownFileType = sourcecode.c.objc; path = JCAppDelegate.m; sourceTree = "<group>"; };
		69B4364118757F5D00E6E90E /* Images.xcassets */ = {isa = PBXFileReference; lastKnownFileType = folder.assetcatalog; path = Images.xcassets; sourceTree = "<group>"; };
		69B4364718757F5D00E6E90E /* FlexibleSensorAppTests.xctest */ = {isa = PBXFileReference; explicitFileType = wrapper.cfbundle; includeInIndex = 0; path = FlexibleSensorAppTests.xctest; sourceTree = BUILT_PRODUCTS_DIR; };
		69B4364818757F5D00E6E90E /* XCTest.framework */ = {isa = PBXFileReference; lastKnownFileType = wrapper.framework; name = XCTest.framework; path = Library/Frameworks/XCTest.framework; sourceTree = DEVELOPER_DIR; };
		69B4365018757F5D00E6E90E /* FlexibleSensorAppTests-Info.plist */ = {isa = PBXFileReference; lastKnownFileType = text.plist.xml; path = "FlexibleSensorAppTests-Info.plist"; sourceTree = "<group>"; };
		69B4365218757F5E00E6E90E /* en */ = {isa = PBXFileReference; lastKnownFileType = text.plist.strings; name = en; path = en.lproj/InfoPlist.strings; sourceTree = "<group>"; };
		69B4365418757F5E00E6E90E /* FlexibleSensorAppTests.m */ = {isa = PBXFileReference; lastKnownFileType = sourcecode.c.objc; path = FlexibleSensorAppTests.m; sourceTree = "<group>"; };
		69B4365E1875845000E6E90E /* LICENSE */ = {isa = PBXFileReference; fileEncoding = 4; lastKnownFileType = text; path = LICENSE; sourceTree = "<group>"; };
		69B4365F1875845000E6E90E /* README.md */ = {isa = PBXFileReference; fileEncoding = 4; lastKnownFileType = text; path = README.md; sourceTree = "<group>"; };
		69B43664187585D400E6E90E /* DidactGothic.ttf */ = {isa = PBXFileReference; lastKnownFileType = file; path = DidactGothic.ttf; sourceTree = "<group>"; };
		69B43666187585D400E6E90E /* Default-568h@2x.png */ = {isa = PBXFileReference; lastKnownFileType = image.png; path = "Default-568h@2x.png"; sourceTree = "<group>"; };
		69B43667187585D400E6E90E /* Default.png */ = {isa = PBXFileReference; lastKnownFileType = image.png; path = Default.png; sourceTree = "<group>"; };
		69B43668187585D400E6E90E /* Default@2x.png */ = {isa = PBXFileReference; lastKnownFileType = image.png; path = "Default@2x.png"; sourceTree = "<group>"; };
		69B43669187585D400E6E90E /* mechlab-icon.png */ = {isa = PBXFileReference; lastKnownFileType = image.png; path = "mechlab-icon.png"; sourceTree = "<group>"; };
		69B4366B187585D400E6E90E /* ionicons-codes.h */ = {isa = PBXFileReference; fileEncoding = 4; lastKnownFileType = sourcecode.c.h; path = "ionicons-codes.h"; sourceTree = "<group>"; };
		69B4366C187585D400E6E90E /* IonIcons.h */ = {isa = PBXFileReference; fileEncoding = 4; lastKnownFileType = sourcecode.c.h; path = IonIcons.h; sourceTree = "<group>"; };
		69B4366D187585D400E6E90E /* IonIcons.m */ = {isa = PBXFileReference; fileEncoding = 4; lastKnownFileType = sourcecode.c.objc; path = IonIcons.m; sourceTree = "<group>"; };
		69B4366E187585D400E6E90E /* ionicons.ttf */ = {isa = PBXFileReference; lastKnownFileType = file; path = ionicons.ttf; sourceTree = "<group>"; };
		69B4366F187585D400E6E90E /* LICENSE */ = {isa = PBXFileReference; fileEncoding = 4; lastKnownFileType = text; path = LICENSE; sourceTree = "<group>"; };
		69B43670187585D400E6E90E /* README.md */ = {isa = PBXFileReference; fileEncoding = 4; lastKnownFileType = text; path = README.md; sourceTree = "<group>"; };
		69B43672187585D400E6E90E /* SensorToCoreDataTest.xcdatamodel */ = {isa = PBXFileReference; lastKnownFileType = wrapper.xcdatamodel; path = SensorToCoreDataTest.xcdatamodel; sourceTree = "<group>"; };
		69B43674187585D400E6E90E /* JCFilterManager.h */ = {isa = PBXFileReference; fileEncoding = 4; lastKnownFileType = sourcecode.c.h; path = JCFilterManager.h; sourceTree = "<group>"; };
		69B43675187585D400E6E90E /* JCFilterManager.m */ = {isa = PBXFileReference; fileEncoding = 4; lastKnownFileType = sourcecode.c.objc; path = JCFilterManager.m; sourceTree = "<group>"; };
		69B43676187585D400E6E90E /* SERVICES.h */ = {isa = PBXFileReference; fileEncoding = 4; lastKnownFileType = sourcecode.c.h; path = SERVICES.h; sourceTree = "<group>"; };
		69B43678187585D400E6E90E /* JCLogger.h */ = {isa = PBXFileReference; fileEncoding = 4; lastKnownFileType = sourcecode.c.h; path = JCLogger.h; sourceTree = "<group>"; };
		69B43679187585D400E6E90E /* JCLogger.m */ = {isa = PBXFileReference; fileEncoding = 4; lastKnownFileType = sourcecode.c.objc; path = JCLogger.m; sourceTree = "<group>"; };
		69B4367B187585D400E6E90E /* JCAppData.h */ = {isa = PBXFileReference; fileEncoding = 4; lastKnownFileType = sourcecode.c.h; path = JCAppData.h; sourceTree = "<group>"; };
		69B4367C187585D400E6E90E /* JCAppData.m */ = {isa = PBXFileReference; fileEncoding = 4; lastKnownFileType = sourcecode.c.objc; path = JCAppData.m; sourceTree = "<group>"; };
		69B4367D187585D400E6E90E /* JCFilterData.h */ = {isa = PBXFileReference; fileEncoding = 4; lastKnownFileType = sourcecode.c.h; path = JCFilterData.h; sourceTree = "<group>"; };
		69B4367E187585D400E6E90E /* JCFilterData.m */ = {isa = PBXFileReference; fileEncoding = 4; lastKnownFileType = sourcecode.c.objc; path = JCFilterData.m; sourceTree = "<group>"; };
		69B4367F187585D400E6E90E /* JCSensor.h */ = {isa = PBXFileReference; fileEncoding = 4; lastKnownFileType = sourcecode.c.h; path = JCSensor.h; sourceTree = "<group>"; };
		69B43680187585D400E6E90E /* JCSensor.m */ = {isa = PBXFileReference; fileEncoding = 4; lastKnownFileType = sourcecode.c.objc; path = JCSensor.m; sourceTree = "<group>"; };
		69B43681187585D400E6E90E /* JCSensorData.h */ = {isa = PBXFileReference; fileEncoding = 4; lastKnownFileType = sourcecode.c.h; path = JCSensorData.h; sourceTree = "<group>"; };
		69B43682187585D400E6E90E /* JCSensorData.m */ = {isa = PBXFileReference; fileEncoding = 4; lastKnownFileType = sourcecode.c.objc; path = JCSensorData.m; sourceTree = "<group>"; };
		69B43683187585D400E6E90E /* JCSensorManager.h */ = {isa = PBXFileReference; fileEncoding = 4; lastKnownFileType = sourcecode.c.h; path = JCSensorManager.h; sourceTree = "<group>"; };
		69B43684187585D400E6E90E /* JCSensorManager.m */ = {isa = PBXFileReference; fileEncoding = 4; lastKnownFileType = sourcecode.c.objc; path = JCSensorManager.m; sourceTree = "<group>"; };
		69B43686187585D400E6E90E /* JCAccelerometer.h */ = {isa = PBXFileReference; fileEncoding = 4; lastKnownFileType = sourcecode.c.h; path = JCAccelerometer.h; sourceTree = "<group>"; };
		69B43687187585D400E6E90E /* JCAccelerometer.m */ = {isa = PBXFileReference; fileEncoding = 4; lastKnownFileType = sourcecode.c.objc; path = JCAccelerometer.m; sourceTree = "<group>"; };
		69B43688187585D400E6E90E /* JCDeviceMotion.h */ = {isa = PBXFileReference; fileEncoding = 4; lastKnownFileType = sourcecode.c.h; path = JCDeviceMotion.h; sourceTree = "<group>"; };
		69B43689187585D400E6E90E /* JCDeviceMotion.m */ = {isa = PBXFileReference; fileEncoding = 4; lastKnownFileType = sourcecode.c.objc; path = JCDeviceMotion.m; sourceTree = "<group>"; };
		69B4368A187585D400E6E90E /* JCGyroscope.h */ = {isa = PBXFileReference; fileEncoding = 4; lastKnownFileType = sourcecode.c.h; path = JCGyroscope.h; sourceTree = "<group>"; };
		69B4368B187585D400E6E90E /* JCGyroscope.m */ = {isa = PBXFileReference; fileEncoding = 4; lastKnownFileType = sourcecode.c.objc; path = JCGyroscope.m; sourceTree = "<group>"; };
		69B4368C187585D400E6E90E /* JCHeartRateDevice.h */ = {isa = PBXFileReference; fileEncoding = 4; lastKnownFileType = sourcecode.c.h; path = JCHeartRateDevice.h; sourceTree = "<group>"; };
		69B4368D187585D400E6E90E /* JCHeartRateDevice.m */ = {isa = PBXFileReference; fileEncoding = 4; lastKnownFileType = sourcecode.c.objc; path = JCHeartRateDevice.m; sourceTree = "<group>"; };
		69B4368E187585D400E6E90E /* JCLocation.h */ = {isa = PBXFileReference; fileEncoding = 4; lastKnownFileType = sourcecode.c.h; path = JCLocation.h; sourceTree = "<group>"; };
		69B4368F187585D400E6E90E /* JCLocation.m */ = {isa = PBXFileReference; fileEncoding = 4; lastKnownFileType = sourcecode.c.objc; path = JCLocation.m; sourceTree = "<group>"; };
		69B436A71875861A00E6E90E /* JCGraphView.h */ = {isa = PBXFileReference; fileEncoding = 4; lastKnownFileType = sourcecode.c.h; path = JCGraphView.h; sourceTree = "<group>"; };
		69B436A81875861A00E6E90E /* JCGraphView.m */ = {isa = PBXFileReference; fileEncoding = 4; lastKnownFileType = sourcecode.c.objc; path = JCGraphView.m; sourceTree = "<group>"; };
		69B436A91875861A00E6E90E /* JCOptionTableViewViewController.h */ = {isa = PBXFileReference; fileEncoding = 4; lastKnownFileType = sourcecode.c.h; path = JCOptionTableViewViewController.h; sourceTree = "<group>"; };
		69B436AA1875861A00E6E90E /* JCOptionTableViewViewController.m */ = {isa = PBXFileReference; fileEncoding = 4; lastKnownFileType = sourcecode.c.objc; path = JCOptionTableViewViewController.m; sourceTree = "<group>"; };
		69B436AB1875861A00E6E90E /* JCSensorViewController.h */ = {isa = PBXFileReference; fileEncoding = 4; lastKnownFileType = sourcecode.c.h; path = JCSensorViewController.h; sourceTree = "<group>"; };
		69B436AC1875861A00E6E90E /* JCSensorViewController.m */ = {isa = PBXFileReference; fileEncoding = 4; lastKnownFileType = sourcecode.c.objc; path = JCSensorViewController.m; sourceTree = "<group>"; };
		69B436AD1875861A00E6E90E /* SensorViewControlleriPad.xib */ = {isa = PBXFileReference; fileEncoding = 4; lastKnownFileType = file.xib; path = SensorViewControlleriPad.xib; sourceTree = "<group>"; };
		69B436AE1875861A00E6E90E /* SensorViewControlleriPhone3.5.xib */ = {isa = PBXFileReference; fileEncoding = 4; lastKnownFileType = file.xib; path = SensorViewControlleriPhone3.5.xib; sourceTree = "<group>"; };
		69B436AF1875861A00E6E90E /* SensorViewControlleriPhone4.5.xib */ = {isa = PBXFileReference; fileEncoding = 4; lastKnownFileType = file.xib; path = SensorViewControlleriPhone4.5.xib; sourceTree = "<group>"; };
		69B436B618758D2700E6E90E /* CoreData.framework */ = {isa = PBXFileReference; lastKnownFileType = wrapper.framework; name = CoreData.framework; path = System/Library/Frameworks/CoreData.framework; sourceTree = SDKROOT; };
		69B436B818758D3E00E6E90E /* CoreBluetooth.framework */ = {isa = PBXFileReference; lastKnownFileType = wrapper.framework; name = CoreBluetooth.framework; path = System/Library/Frameworks/CoreBluetooth.framework; sourceTree = SDKROOT; };
		69B436BA18758D4D00E6E90E /* ImageIO.framework */ = {isa = PBXFileReference; lastKnownFileType = wrapper.framework; name = ImageIO.framework; path = System/Library/Frameworks/ImageIO.framework; sourceTree = SDKROOT; };
		69B436BC18758D6700E6E90E /* CoreLocation.framework */ = {isa = PBXFileReference; lastKnownFileType = wrapper.framework; name = CoreLocation.framework; path = System/Library/Frameworks/CoreLocation.framework; sourceTree = SDKROOT; };
		69B436BE18758D7200E6E90E /* CoreMotion.framework */ = {isa = PBXFileReference; lastKnownFileType = wrapper.framework; name = CoreMotion.framework; path = System/Library/Frameworks/CoreMotion.framework; sourceTree = SDKROOT; };
/* End PBXFileReference section */

/* Begin PBXFrameworksBuildPhase section */
		69B4362918757F5D00E6E90E /* Frameworks */ = {
			isa = PBXFrameworksBuildPhase;
			buildActionMask = 2147483647;
			files = (
				69B436BF18758D7200E6E90E /* CoreMotion.framework in Frameworks */,
				69B436BD18758D6700E6E90E /* CoreLocation.framework in Frameworks */,
				69B4363218757F5D00E6E90E /* CoreGraphics.framework in Frameworks */,
				69B436BB18758D4D00E6E90E /* ImageIO.framework in Frameworks */,
				69B436B918758D3E00E6E90E /* CoreBluetooth.framework in Frameworks */,
				69B4363418757F5D00E6E90E /* UIKit.framework in Frameworks */,
				69B4363018757F5D00E6E90E /* Foundation.framework in Frameworks */,
				69B436B718758D2700E6E90E /* CoreData.framework in Frameworks */,
			);
			runOnlyForDeploymentPostprocessing = 0;
		};
		69B4364418757F5D00E6E90E /* Frameworks */ = {
			isa = PBXFrameworksBuildPhase;
			buildActionMask = 2147483647;
			files = (
				69B4364918757F5D00E6E90E /* XCTest.framework in Frameworks */,
				69B4364B18757F5D00E6E90E /* UIKit.framework in Frameworks */,
				69B4364A18757F5D00E6E90E /* Foundation.framework in Frameworks */,
			);
			runOnlyForDeploymentPostprocessing = 0;
		};
/* End PBXFrameworksBuildPhase section */

/* Begin PBXGroup section */
		69B4362318757F5D00E6E90E = {
			isa = PBXGroup;
			children = (
				69B4365E1875845000E6E90E /* LICENSE */,
				69B4365F1875845000E6E90E /* README.md */,
				69B4363518757F5D00E6E90E /* FlexibleSensorApp */,
				69B4364E18757F5D00E6E90E /* FlexibleSensorAppTests */,
				69B4362E18757F5D00E6E90E /* Frameworks */,
				69B4363618757F5D00E6E90E /* Supporting Files */,
				69B4362D18757F5D00E6E90E /* Products */,
			);
			sourceTree = "<group>";
		};
		69B4362D18757F5D00E6E90E /* Products */ = {
			isa = PBXGroup;
			children = (
				69B4362C18757F5D00E6E90E /* FlexibleSensorApp.app */,
				69B4364718757F5D00E6E90E /* FlexibleSensorAppTests.xctest */,
			);
			name = Products;
			sourceTree = "<group>";
		};
		69B4362E18757F5D00E6E90E /* Frameworks */ = {
			isa = PBXGroup;
			children = (
				69B436BE18758D7200E6E90E /* CoreMotion.framework */,
				69B436BC18758D6700E6E90E /* CoreLocation.framework */,
				69B436BA18758D4D00E6E90E /* ImageIO.framework */,
				69B436B818758D3E00E6E90E /* CoreBluetooth.framework */,
				69B436B618758D2700E6E90E /* CoreData.framework */,
				69B4362F18757F5D00E6E90E /* Foundation.framework */,
				69B4363118757F5D00E6E90E /* CoreGraphics.framework */,
				69B4363318757F5D00E6E90E /* UIKit.framework */,
				69B4364818757F5D00E6E90E /* XCTest.framework */,
			);
			name = Frameworks;
			sourceTree = "<group>";
		};
		69B4363518757F5D00E6E90E /* FlexibleSensorApp */ = {
			isa = PBXGroup;
			children = (
				69B4363E18757F5D00E6E90E /* JCAppDelegate.h */,
				69B4363F18757F5D00E6E90E /* JCAppDelegate.m */,
				69B4367A187585D400E6E90E /* DataSources */,
				69B436A61875861A00E6E90E /* Graphs */,
				69B43677187585D400E6E90E /* Logger */,
				69B43673187585D400E6E90E /* Managers */,
			);
			path = FlexibleSensorApp;
			sourceTree = "<group>";
		};
		69B4363618757F5D00E6E90E /* Supporting Files */ = {
			isa = PBXGroup;
			children = (
				69B4364118757F5D00E6E90E /* Images.xcassets */,
				69B43663187585D400E6E90E /* fonts */,
				69B43665187585D400E6E90E /* images */,
				69B4366A187585D400E6E90E /* ionicons */,
				69B43671187585D400E6E90E /* SensorToCoreDataTest.xcdatamodeld */,
				69B4363718757F5D00E6E90E /* FlexibleSensorApp-Info.plist */,
				69B4363818757F5D00E6E90E /* InfoPlist.strings */,
				69B4363B18757F5D00E6E90E /* main.m */,
				69B4363D18757F5D00E6E90E /* FlexibleSensorApp-Prefix.pch */,
			);
			name = "Supporting Files";
			path = FlexibleSensorApp;
			sourceTree = "<group>";
		};
		69B4364E18757F5D00E6E90E /* FlexibleSensorAppTests */ = {
			isa = PBXGroup;
			children = (
				69B4365418757F5E00E6E90E /* FlexibleSensorAppTests.m */,
				69B4364F18757F5D00E6E90E /* Supporting Files */,
			);
			path = FlexibleSensorAppTests;
			sourceTree = "<group>";
		};
		69B4364F18757F5D00E6E90E /* Supporting Files */ = {
			isa = PBXGroup;
			children = (
				69B4365018757F5D00E6E90E /* FlexibleSensorAppTests-Info.plist */,
				69B4365118757F5E00E6E90E /* InfoPlist.strings */,
			);
			name = "Supporting Files";
			sourceTree = "<group>";
		};
		69B43663187585D400E6E90E /* fonts */ = {
			isa = PBXGroup;
			children = (
				69B43664187585D400E6E90E /* DidactGothic.ttf */,
			);
			name = fonts;
			path = "Supporting Files/fonts";
			sourceTree = "<group>";
		};
		69B43665187585D400E6E90E /* images */ = {
			isa = PBXGroup;
			children = (
				69B43666187585D400E6E90E /* Default-568h@2x.png */,
				69B43667187585D400E6E90E /* Default.png */,
				69B43668187585D400E6E90E /* Default@2x.png */,
				69B43669187585D400E6E90E /* mechlab-icon.png */,
			);
			name = images;
			path = "Supporting Files/images";
			sourceTree = "<group>";
		};
		69B4366A187585D400E6E90E /* ionicons */ = {
			isa = PBXGroup;
			children = (
				69B4366B187585D400E6E90E /* ionicons-codes.h */,
				69B4366C187585D400E6E90E /* IonIcons.h */,
				69B4366D187585D400E6E90E /* IonIcons.m */,
				69B4366E187585D400E6E90E /* ionicons.ttf */,
				69B4366F187585D400E6E90E /* LICENSE */,
				69B43670187585D400E6E90E /* README.md */,
			);
			name = ionicons;
			path = "Supporting Files/ionicons";
			sourceTree = "<group>";
		};
		69B43673187585D400E6E90E /* Managers */ = {
			isa = PBXGroup;
			children = (
				69B43674187585D400E6E90E /* JCFilterManager.h */,
				69B43675187585D400E6E90E /* JCFilterManager.m */,
				69B43676187585D400E6E90E /* SERVICES.h */,
			);
			path = Managers;
			sourceTree = "<group>";
		};
		69B43677187585D400E6E90E /* Logger */ = {
			isa = PBXGroup;
			children = (
				69B43678187585D400E6E90E /* JCLogger.h */,
				69B43679187585D400E6E90E /* JCLogger.m */,
			);
			path = Logger;
			sourceTree = "<group>";
		};
		69B4367A187585D400E6E90E /* DataSources */ = {
			isa = PBXGroup;
			children = (
				69B4367B187585D400E6E90E /* JCAppData.h */,
				69B4367C187585D400E6E90E /* JCAppData.m */,
				69B4367D187585D400E6E90E /* JCFilterData.h */,
				69B4367E187585D400E6E90E /* JCFilterData.m */,
				69B4367F187585D400E6E90E /* JCSensor.h */,
				69B43680187585D400E6E90E /* JCSensor.m */,
				69B43681187585D400E6E90E /* JCSensorData.h */,
				69B43682187585D400E6E90E /* JCSensorData.m */,
				69B43683187585D400E6E90E /* JCSensorManager.h */,
				69B43684187585D400E6E90E /* JCSensorManager.m */,
				69B43685187585D400E6E90E /* Sensors */,
			);
			path = DataSources;
			sourceTree = "<group>";
		};
		69B43685187585D400E6E90E /* Sensors */ = {
			isa = PBXGroup;
			children = (
				69B43686187585D400E6E90E /* JCAccelerometer.h */,
				69B43687187585D400E6E90E /* JCAccelerometer.m */,
				69B43688187585D400E6E90E /* JCDeviceMotion.h */,
				69B43689187585D400E6E90E /* JCDeviceMotion.m */,
				69B4368A187585D400E6E90E /* JCGyroscope.h */,
				69B4368B187585D400E6E90E /* JCGyroscope.m */,
				69B4368C187585D400E6E90E /* JCHeartRateDevice.h */,
				69B4368D187585D400E6E90E /* JCHeartRateDevice.m */,
				69B4368E187585D400E6E90E /* JCLocation.h */,
				69B4368F187585D400E6E90E /* JCLocation.m */,
			);
			path = Sensors;
			sourceTree = "<group>";
		};
		69B436A61875861A00E6E90E /* Graphs */ = {
			isa = PBXGroup;
			children = (
				69B436A71875861A00E6E90E /* JCGraphView.h */,
				69B436A81875861A00E6E90E /* JCGraphView.m */,
				69B436A91875861A00E6E90E /* JCOptionTableViewViewController.h */,
				69B436AA1875861A00E6E90E /* JCOptionTableViewViewController.m */,
				69B436AB1875861A00E6E90E /* JCSensorViewController.h */,
				69B436AC1875861A00E6E90E /* JCSensorViewController.m */,
				69B436AD1875861A00E6E90E /* SensorViewControlleriPad.xib */,
				69B436AE1875861A00E6E90E /* SensorViewControlleriPhone3.5.xib */,
				69B436AF1875861A00E6E90E /* SensorViewControlleriPhone4.5.xib */,
			);
			path = Graphs;
			sourceTree = "<group>";
		};
/* End PBXGroup section */

/* Begin PBXNativeTarget section */
		69B4362B18757F5D00E6E90E /* FlexibleSensorApp */ = {
			isa = PBXNativeTarget;
			buildConfigurationList = 69B4365818757F5E00E6E90E /* Build configuration list for PBXNativeTarget "FlexibleSensorApp" */;
			buildPhases = (
				69B4362818757F5D00E6E90E /* Sources */,
				69B4362918757F5D00E6E90E /* Frameworks */,
				69B4362A18757F5D00E6E90E /* Resources */,
			);
			buildRules = (
			);
			dependencies = (
			);
			name = FlexibleSensorApp;
			productName = FlexibleSensorApp;
			productReference = 69B4362C18757F5D00E6E90E /* FlexibleSensorApp.app */;
			productType = "com.apple.product-type.application";
		};
		69B4364618757F5D00E6E90E /* FlexibleSensorAppTests */ = {
			isa = PBXNativeTarget;
			buildConfigurationList = 69B4365B18757F5E00E6E90E /* Build configuration list for PBXNativeTarget "FlexibleSensorAppTests" */;
			buildPhases = (
				69B4364318757F5D00E6E90E /* Sources */,
				69B4364418757F5D00E6E90E /* Frameworks */,
				69B4364518757F5D00E6E90E /* Resources */,
			);
			buildRules = (
			);
			dependencies = (
				69B4364D18757F5D00E6E90E /* PBXTargetDependency */,
			);
			name = FlexibleSensorAppTests;
			productName = FlexibleSensorAppTests;
			productReference = 69B4364718757F5D00E6E90E /* FlexibleSensorAppTests.xctest */;
			productType = "com.apple.product-type.bundle.unit-test";
		};
/* End PBXNativeTarget section */

/* Begin PBXProject section */
		69B4362418757F5D00E6E90E /* Project object */ = {
			isa = PBXProject;
			attributes = {
				CLASSPREFIX = JC;
				LastUpgradeCheck = 0500;
				ORGANIZATIONNAME = "Johannes Camin";
				TargetAttributes = {
					69B4362B18757F5D00E6E90E = {
						DevelopmentTeam = HA8Y3GHP2U;
					};
					69B4364618757F5D00E6E90E = {
						TestTargetID = 69B4362B18757F5D00E6E90E;
					};
				};
			};
			buildConfigurationList = 69B4362718757F5D00E6E90E /* Build configuration list for PBXProject "FlexibleSensorApp" */;
			compatibilityVersion = "Xcode 3.2";
			developmentRegion = English;
			hasScannedForEncodings = 0;
			knownRegions = (
				en,
			);
			mainGroup = 69B4362318757F5D00E6E90E;
			productRefGroup = 69B4362D18757F5D00E6E90E /* Products */;
			projectDirPath = "";
			projectRoot = "";
			targets = (
				69B4362B18757F5D00E6E90E /* FlexibleSensorApp */,
				69B4364618757F5D00E6E90E /* FlexibleSensorAppTests */,
			);
		};
/* End PBXProject section */

/* Begin PBXResourcesBuildPhase section */
		69B4362A18757F5D00E6E90E /* Resources */ = {
			isa = PBXResourcesBuildPhase;
			buildActionMask = 2147483647;
			files = (
				69B436B41875861A00E6E90E /* SensorViewControlleriPhone3.5.xib in Resources */,
				69B43693187585D500E6E90E /* Default@2x.png in Resources */,
				69B43690187585D400E6E90E /* DidactGothic.ttf in Resources */,
				69B43694187585D500E6E90E /* mechlab-icon.png in Resources */,
				69B4363A18757F5D00E6E90E /* InfoPlist.strings in Resources */,
				69B43697187585D500E6E90E /* LICENSE in Resources */,
				69B43698187585D500E6E90E /* README.md in Resources */,
				69B43696187585D500E6E90E /* ionicons.ttf in Resources */,
				69B436B51875861A00E6E90E /* SensorViewControlleriPhone4.5.xib in Resources */,
				69B43692187585D400E6E90E /* Default.png in Resources */,
				69B4364218757F5D00E6E90E /* Images.xcassets in Resources */,
				69B436B31875861A00E6E90E /* SensorViewControlleriPad.xib in Resources */,
				69B43691187585D400E6E90E /* Default-568h@2x.png in Resources */,
			);
			runOnlyForDeploymentPostprocessing = 0;
		};
		69B4364518757F5D00E6E90E /* Resources */ = {
			isa = PBXResourcesBuildPhase;
			buildActionMask = 2147483647;
			files = (
				69B4365318757F5E00E6E90E /* InfoPlist.strings in Resources */,
			);
			runOnlyForDeploymentPostprocessing = 0;
		};
/* End PBXResourcesBuildPhase section */

/* Begin PBXSourcesBuildPhase section */
		69B4362818757F5D00E6E90E /* Sources */ = {
			isa = PBXSourcesBuildPhase;
			buildActionMask = 2147483647;
			files = (
				69B436A3187585D500E6E90E /* JCGyroscope.m in Sources */,
				69B4369B187585D500E6E90E /* JCLogger.m in Sources */,
				69B436A4187585D500E6E90E /* JCHeartRateDevice.m in Sources */,
				69B436B01875861A00E6E90E /* JCGraphView.m in Sources */,
				69B436B11875861A00E6E90E /* JCOptionTableViewViewController.m in Sources */,
				69B4369C187585D500E6E90E /* JCAppData.m in Sources */,
				69B4363C18757F5D00E6E90E /* main.m in Sources */,
				69B4364018757F5D00E6E90E /* JCAppDelegate.m in Sources */,
				69B4369A187585D500E6E90E /* JCFilterManager.m in Sources */,
				69B43695187585D500E6E90E /* IonIcons.m in Sources */,
				69B4369D187585D500E6E90E /* JCFilterData.m in Sources */,
				69B436A2187585D500E6E90E /* JCDeviceMotion.m in Sources */,
				69B43699187585D500E6E90E /* SensorToCoreDataTest.xcdatamodeld in Sources */,
				69B436A1187585D500E6E90E /* JCAccelerometer.m in Sources */,
				69B4369F187585D500E6E90E /* JCSensorData.m in Sources */,
				69B436A5187585D500E6E90E /* JCLocation.m in Sources */,
				69B436A0187585D500E6E90E /* JCSensorManager.m in Sources */,
				69B4369E187585D500E6E90E /* JCSensor.m in Sources */,
				69B436B21875861A00E6E90E /* JCSensorViewController.m in Sources */,
			);
			runOnlyForDeploymentPostprocessing = 0;
		};
		69B4364318757F5D00E6E90E /* Sources */ = {
			isa = PBXSourcesBuildPhase;
			buildActionMask = 2147483647;
			files = (
				69B4365518757F5E00E6E90E /* FlexibleSensorAppTests.m in Sources */,
			);
			runOnlyForDeploymentPostprocessing = 0;
		};
/* End PBXSourcesBuildPhase section */

/* Begin PBXTargetDependency section */
		69B4364D18757F5D00E6E90E /* PBXTargetDependency */ = {
			isa = PBXTargetDependency;
			target = 69B4362B18757F5D00E6E90E /* FlexibleSensorApp */;
			targetProxy = 69B4364C18757F5D00E6E90E /* PBXContainerItemProxy */;
		};
/* End PBXTargetDependency section */

/* Begin PBXVariantGroup section */
		69B4363818757F5D00E6E90E /* InfoPlist.strings */ = {
			isa = PBXVariantGroup;
			children = (
				69B4363918757F5D00E6E90E /* en */,
			);
			name = InfoPlist.strings;
			sourceTree = "<group>";
		};
		69B4365118757F5E00E6E90E /* InfoPlist.strings */ = {
			isa = PBXVariantGroup;
			children = (
				69B4365218757F5E00E6E90E /* en */,
			);
			name = InfoPlist.strings;
			sourceTree = "<group>";
		};
/* End PBXVariantGroup section */

/* Begin XCBuildConfiguration section */
		69B4365618757F5E00E6E90E /* Debug */ = {
			isa = XCBuildConfiguration;
			buildSettings = {
				ALWAYS_SEARCH_USER_PATHS = NO;
				ARCHS = "$(ARCHS_STANDARD_INCLUDING_64_BIT)";
				CLANG_CXX_LANGUAGE_STANDARD = "gnu++0x";
				CLANG_CXX_LIBRARY = "libc++";
				CLANG_ENABLE_MODULES = YES;
				CLANG_ENABLE_OBJC_ARC = YES;
				CLANG_WARN_BOOL_CONVERSION = YES;
				CLANG_WARN_CONSTANT_CONVERSION = YES;
				CLANG_WARN_DIRECT_OBJC_ISA_USAGE = YES_ERROR;
				CLANG_WARN_EMPTY_BODY = YES;
				CLANG_WARN_ENUM_CONVERSION = YES;
				CLANG_WARN_INT_CONVERSION = YES;
				CLANG_WARN_OBJC_ROOT_CLASS = YES_ERROR;
				CLANG_WARN__DUPLICATE_METHOD_MATCH = YES;
				"CODE_SIGN_IDENTITY[sdk=iphoneos*]" = "iPhone Developer";
				COPY_PHASE_STRIP = NO;
				GCC_C_LANGUAGE_STANDARD = gnu99;
				GCC_DYNAMIC_NO_PIC = NO;
				GCC_OPTIMIZATION_LEVEL = 0;
				GCC_PREPROCESSOR_DEFINITIONS = (
					"DEBUG=1",
					"$(inherited)",
				);
				GCC_SYMBOLS_PRIVATE_EXTERN = NO;
				GCC_WARN_64_TO_32_BIT_CONVERSION = YES;
				GCC_WARN_ABOUT_RETURN_TYPE = YES_ERROR;
				GCC_WARN_UNDECLARED_SELECTOR = YES;
				GCC_WARN_UNINITIALIZED_AUTOS = YES;
				GCC_WARN_UNUSED_FUNCTION = YES;
				GCC_WARN_UNUSED_VARIABLE = YES;
				IPHONEOS_DEPLOYMENT_TARGET = 7.0;
				ONLY_ACTIVE_ARCH = YES;
				SDKROOT = iphoneos;
				TARGETED_DEVICE_FAMILY = "1,2";
			};
			name = Debug;
		};
		69B4365718757F5E00E6E90E /* Release */ = {
			isa = XCBuildConfiguration;
			buildSettings = {
				ALWAYS_SEARCH_USER_PATHS = NO;
				ARCHS = "$(ARCHS_STANDARD_INCLUDING_64_BIT)";
				CLANG_CXX_LANGUAGE_STANDARD = "gnu++0x";
				CLANG_CXX_LIBRARY = "libc++";
				CLANG_ENABLE_MODULES = YES;
				CLANG_ENABLE_OBJC_ARC = YES;
				CLANG_WARN_BOOL_CONVERSION = YES;
				CLANG_WARN_CONSTANT_CONVERSION = YES;
				CLANG_WARN_DIRECT_OBJC_ISA_USAGE = YES_ERROR;
				CLANG_WARN_EMPTY_BODY = YES;
				CLANG_WARN_ENUM_CONVERSION = YES;
				CLANG_WARN_INT_CONVERSION = YES;
				CLANG_WARN_OBJC_ROOT_CLASS = YES_ERROR;
				CLANG_WARN__DUPLICATE_METHOD_MATCH = YES;
				"CODE_SIGN_IDENTITY[sdk=iphoneos*]" = "iPhone Developer";
				COPY_PHASE_STRIP = YES;
				ENABLE_NS_ASSERTIONS = NO;
				GCC_C_LANGUAGE_STANDARD = gnu99;
				GCC_WARN_64_TO_32_BIT_CONVERSION = YES;
				GCC_WARN_ABOUT_RETURN_TYPE = YES_ERROR;
				GCC_WARN_UNDECLARED_SELECTOR = YES;
				GCC_WARN_UNINITIALIZED_AUTOS = YES;
				GCC_WARN_UNUSED_FUNCTION = YES;
				GCC_WARN_UNUSED_VARIABLE = YES;
				IPHONEOS_DEPLOYMENT_TARGET = 7.0;
				SDKROOT = iphoneos;
				TARGETED_DEVICE_FAMILY = "1,2";
				VALIDATE_PRODUCT = YES;
			};
			name = Release;
		};
		69B4365918757F5E00E6E90E /* Debug */ = {
			isa = XCBuildConfiguration;
			buildSettings = {
				ASSETCATALOG_COMPILER_APPICON_NAME = AppIcon;
				ASSETCATALOG_COMPILER_LAUNCHIMAGE_NAME = LaunchImage;
				CODE_SIGN_IDENTITY = "iPhone Developer";
				"CODE_SIGN_IDENTITY[sdk=iphoneos*]" = "iPhone Developer";
				GCC_PRECOMPILE_PREFIX_HEADER = YES;
				GCC_PREFIX_HEADER = "FlexibleSensorApp/FlexibleSensorApp-Prefix.pch";
				INFOPLIST_FILE = "FlexibleSensorApp/FlexibleSensorApp-Info.plist";
				PRODUCT_NAME = "$(TARGET_NAME)";
				PROVISIONING_PROFILE = "";
				WRAPPER_EXTENSION = app;
			};
			name = Debug;
		};
		69B4365A18757F5E00E6E90E /* Release */ = {
			isa = XCBuildConfiguration;
			buildSettings = {
				ASSETCATALOG_COMPILER_APPICON_NAME = AppIcon;
				ASSETCATALOG_COMPILER_LAUNCHIMAGE_NAME = LaunchImage;
				CODE_SIGN_IDENTITY = "iPhone Developer";
				"CODE_SIGN_IDENTITY[sdk=iphoneos*]" = "iPhone Developer";
				GCC_PRECOMPILE_PREFIX_HEADER = YES;
				GCC_PREFIX_HEADER = "FlexibleSensorApp/FlexibleSensorApp-Prefix.pch";
				INFOPLIST_FILE = "FlexibleSensorApp/FlexibleSensorApp-Info.plist";
				PRODUCT_NAME = "$(TARGET_NAME)";
				PROVISIONING_PROFILE = "";
				WRAPPER_EXTENSION = app;
			};
			name = Release;
		};
		69B4365C18757F5E00E6E90E /* Debug */ = {
			isa = XCBuildConfiguration;
			buildSettings = {
				ARCHS = "$(ARCHS_STANDARD_INCLUDING_64_BIT)";
				BUNDLE_LOADER = "$(BUILT_PRODUCTS_DIR)/FlexibleSensorApp.app/FlexibleSensorApp";
				FRAMEWORK_SEARCH_PATHS = (
					"$(SDKROOT)/Developer/Library/Frameworks",
					"$(inherited)",
					"$(DEVELOPER_FRAMEWORKS_DIR)",
				);
				GCC_PRECOMPILE_PREFIX_HEADER = YES;
				GCC_PREFIX_HEADER = "FlexibleSensorApp/FlexibleSensorApp-Prefix.pch";
				GCC_PREPROCESSOR_DEFINITIONS = (
					"DEBUG=1",
					"$(inherited)",
				);
				INFOPLIST_FILE = "FlexibleSensorAppTests/FlexibleSensorAppTests-Info.plist";
				PRODUCT_NAME = "$(TARGET_NAME)";
				TEST_HOST = "$(BUNDLE_LOADER)";
				WRAPPER_EXTENSION = xctest;
			};
			name = Debug;
		};
		69B4365D18757F5E00E6E90E /* Release */ = {
			isa = XCBuildConfiguration;
			buildSettings = {
				ARCHS = "$(ARCHS_STANDARD_INCLUDING_64_BIT)";
				BUNDLE_LOADER = "$(BUILT_PRODUCTS_DIR)/FlexibleSensorApp.app/FlexibleSensorApp";
				FRAMEWORK_SEARCH_PATHS = (
					"$(SDKROOT)/Developer/Library/Frameworks",
					"$(inherited)",
					"$(DEVELOPER_FRAMEWORKS_DIR)",
				);
				GCC_PRECOMPILE_PREFIX_HEADER = YES;
				GCC_PREFIX_HEADER = "FlexibleSensorApp/FlexibleSensorApp-Prefix.pch";
				INFOPLIST_FILE = "FlexibleSensorAppTests/FlexibleSensorAppTests-Info.plist";
				PRODUCT_NAME = "$(TARGET_NAME)";
				TEST_HOST = "$(BUNDLE_LOADER)";
				WRAPPER_EXTENSION = xctest;
			};
			name = Release;
		};
/* End XCBuildConfiguration section */

/* Begin XCConfigurationList section */
		69B4362718757F5D00E6E90E /* Build configuration list for PBXProject "FlexibleSensorApp" */ = {
			isa = XCConfigurationList;
			buildConfigurations = (
				69B4365618757F5E00E6E90E /* Debug */,
				69B4365718757F5E00E6E90E /* Release */,
			);
			defaultConfigurationIsVisible = 0;
			defaultConfigurationName = Release;
		};
		69B4365818757F5E00E6E90E /* Build configuration list for PBXNativeTarget "FlexibleSensorApp" */ = {
			isa = XCConfigurationList;
			buildConfigurations = (
				69B4365918757F5E00E6E90E /* Debug */,
				69B4365A18757F5E00E6E90E /* Release */,
			);
			defaultConfigurationIsVisible = 0;
		};
		69B4365B18757F5E00E6E90E /* Build configuration list for PBXNativeTarget "FlexibleSensorAppTests" */ = {
			isa = XCConfigurationList;
			buildConfigurations = (
				69B4365C18757F5E00E6E90E /* Debug */,
				69B4365D18757F5E00E6E90E /* Release */,
			);
			defaultConfigurationIsVisible = 0;
		};
/* End XCConfigurationList section */

/* Begin XCVersionGroup section */
		69B43671187585D400E6E90E /* SensorToCoreDataTest.xcdatamodeld */ = {
			isa = XCVersionGroup;
			children = (
				69B43672187585D400E6E90E /* SensorToCoreDataTest.xcdatamodel */,
			);
			currentVersion = 69B43672187585D400E6E90E /* SensorToCoreDataTest.xcdatamodel */;
			name = SensorToCoreDataTest.xcdatamodeld;
			path = "Supporting Files/SensorToCoreDataTest.xcdatamodeld";
			sourceTree = "<group>";
			versionGroupType = wrapper.xcdatamodel;
		};
/* End XCVersionGroup section */
	};
	rootObject = 69B4362418757F5D00E6E90E /* Project object */;
}
